{
  "name": "bvgame-pipeline",
  "version": "0.0.0",
  "lockfileVersion": 1,
  "requires": true,
  "dependencies": {
    "charenc": {
      "version": "0.0.2",
      "resolved": "https://registry.npmjs.org/charenc/-/charenc-0.0.2.tgz",
      "integrity": "sha1-wKHS86cJLgN3S/qD8UwPxXkKhmc="
    },
    "crypt": {
      "version": "0.0.2",
      "resolved": "https://registry.npmjs.org/crypt/-/crypt-0.0.2.tgz",
      "integrity": "sha1-iNf/fsDfuG9xPch7u0LQRNPmxBs="
    },
    "is-buffer": {
      "version": "1.1.6",
      "resolved": "https://registry.npmjs.org/is-buffer/-/is-buffer-1.1.6.tgz",
      "integrity": "sha512-NcdALwpXkTm5Zvvbk7owOUSvVvBKDgKP5/ewfXEznmQFfs4ZRmanOeKBTjRVjka3QFoN6XJ+9F3USqfHqTaU5w=="
    },
    "lodash.get": {
      "version": "4.4.2",
      "resolved": "https://registry.npmjs.org/lodash.get/-/lodash.get-4.4.2.tgz",
      "integrity": "sha1-LRd/ZS+jHpObRDjVNBSZ36OCXpk="
    },
    "md5": {
      "version": "2.2.1",
      "resolved": "https://registry.npmjs.org/md5/-/md5-2.2.1.tgz",
      "integrity": "sha1-U6s41f48iJG6RlMp6iP6wFQBJvk=",
      "requires": {
        "charenc": "0.0.2",
        "crypt": "0.0.2",
        "is-buffer": "1.1.6"
      }
    },
    "vbb-lines-at": {
      "version": "3.18.0",
      "resolved": "https://registry.npmjs.org/vbb-lines-at/-/vbb-lines-at-3.18.0.tgz",
      "integrity": "sha512-iKx5q66GNKM2DlOHo3SNXe1Qyta7A7lrY23ImDsCCeSNGK/lqKpJz9awyvc45ytXyxafizojoJNLUsLrDxNEzQ=="
    },
    "vbb-station-photos": {
      "version": "2.0.1",
      "resolved": "https://registry.npmjs.org/vbb-station-photos/-/vbb-station-photos-2.0.1.tgz",
      "integrity": "sha512-psP8SDvgRRDxWyToe4q1WKUf5BjP1U74aukgjLsXwSG+h592/Y2MZIEixSyQ11KAG2xrcc8DHBzRZoC5/732dw=="
    },
    "vbb-stations": {
      "version": "6.9.0",
      "resolved": "https://registry.npmjs.org/vbb-stations/-/vbb-stations-6.9.0.tgz",
      "integrity": "sha512-crZo+BTAgH3v05FnwdCixTHbogJoWHIgyppLBYY2npqvqGThknBIjCE6gQQPZnwTqKjptIDWxhb46l6oYclIvw==",
      "requires": {
        "lodash.get": "4.4.2"
      }
    }
  }
}
