{
  "name": "bvgame-pipeline",
  "version": "0.0.0",
  "lockfileVersion": 1,
  "requires": true,
  "dependencies": {
    "charenc": {
      "version": "0.0.2",
      "resolved": "https://registry.npmjs.org/charenc/-/charenc-0.0.2.tgz",
      "integrity": "sha1-wKHS86cJLgN3S/qD8UwPxXkKhmc="
    },
    "crypt": {
      "version": "0.0.2",
      "resolved": "https://registry.npmjs.org/crypt/-/crypt-0.0.2.tgz",
      "integrity": "sha1-iNf/fsDfuG9xPch7u0LQRNPmxBs="
    },
    "is-buffer": {
      "version": "1.1.6",
      "resolved": "https://registry.npmjs.org/is-buffer/-/is-buffer-1.1.6.tgz",
      "integrity": "sha512-NcdALwpXkTm5Zvvbk7owOUSvVvBKDgKP5/ewfXEznmQFfs4ZRmanOeKBTjRVjka3QFoN6XJ+9F3USqfHqTaU5w=="
    },
    "lodash.get": {
      "version": "4.4.2",
      "resolved": "https://registry.npmjs.org/lodash.get/-/lodash.get-4.4.2.tgz",
      "integrity": "sha1-LRd/ZS+jHpObRDjVNBSZ36OCXpk="
    },
    "md5": {
      "version": "2.3.0",
      "resolved": "https://registry.npmjs.org/md5/-/md5-2.3.0.tgz",
      "integrity": "sha512-T1GITYmFaKuO91vxyoQMFETst+O71VUPEU3ze5GNzDm0OWdP8v1ziTaAEPUr/3kLsY3Sftgz242A1SetQiDL7g==",
      "requires": {
        "charenc": "0.0.2",
        "crypt": "0.0.2",
        "is-buffer": "~1.1.6"
      }
    },
    "vbb-lines-at": {
      "version": "3.20.0",
      "resolved": "https://registry.npmjs.org/vbb-lines-at/-/vbb-lines-at-3.20.0.tgz",
      "integrity": "sha512-/f/lpyxWD8UQmrJVOGD5WZDaZzdJ00SAhJn3oDzherNCcdcefMKT8l+Yz1yJh85DgG0QXz8Y9f3f+SHe2sd7Nw=="
    },
    "vbb-stations": {
      "version": "6.11.0",
      "resolved": "https://registry.npmjs.org/vbb-stations/-/vbb-stations-6.11.0.tgz",
      "integrity": "sha512-H+TXN3o/rKjmlTwk7pEVIQ3hcbHZ8QP83nV1xO/dT4Fcu7bnI+lb1SsPrcDHHYZOie9Fp7Vqu7mhmEaRKFdOzQ==",
      "requires": {
        "lodash.get": "^4.4.2"
      }
    }
  }
}
